// !$*UTF8*$!
{
	archiveVersion = 1;
	classes = {
	};
	objectVersion = 46;
	objects = {

/* Begin PBXBuildFile section */
		851005C219C1D9FE00EEBB84 /* AppDelegate.swift in Sources */ = {isa = PBXBuildFile; fileRef = 851005C119C1D9FE00EEBB84 /* AppDelegate.swift */; };
		851005C419C1D9FE00EEBB84 /* ViewController.swift in Sources */ = {isa = PBXBuildFile; fileRef = 851005C319C1D9FE00EEBB84 /* ViewController.swift */; };
		851005C719C1D9FE00EEBB84 /* Main.storyboard in Resources */ = {isa = PBXBuildFile; fileRef = 851005C519C1D9FE00EEBB84 /* Main.storyboard */; };
		851005C919C1D9FE00EEBB84 /* Images.xcassets in Resources */ = {isa = PBXBuildFile; fileRef = 851005C819C1D9FE00EEBB84 /* Images.xcassets */; };
		851005CC19C1D9FE00EEBB84 /* LaunchScreen.xib in Resources */ = {isa = PBXBuildFile; fileRef = 851005CA19C1D9FE00EEBB84 /* LaunchScreen.xib */; };
		851005D819C1D9FF00EEBB84 /* PostcardTests.swift in Sources */ = {isa = PBXBuildFile; fileRef = 851005D719C1D9FF00EEBB84 /* PostcardTests.swift */; };
/* End PBXBuildFile section */

/* Begin PBXContainerItemProxy section */
		851005D219C1D9FE00EEBB84 /* PBXContainerItemProxy */ = {
			isa = PBXContainerItemProxy;
			containerPortal = 851005B419C1D9FE00EEBB84 /* Project object */;
			proxyType = 1;
			remoteGlobalIDString = 851005BB19C1D9FE00EEBB84;
			remoteInfo = Postcard;
		};
/* End PBXContainerItemProxy section */

/* Begin PBXFileReference section */
		851005BC19C1D9FE00EEBB84 /* Postcard.app */ = {isa = PBXFileReference; explicitFileType = wrapper.application; includeInIndex = 0; path = Postcard.app; sourceTree = BUILT_PRODUCTS_DIR; };
		851005C019C1D9FE00EEBB84 /* Info.plist */ = {isa = PBXFileReference; lastKnownFileType = text.plist.xml; path = Info.plist; sourceTree = "<group>"; };
		851005C119C1D9FE00EEBB84 /* AppDelegate.swift */ = {isa = PBXFileReference; lastKnownFileType = sourcecode.swift; path = AppDelegate.swift; sourceTree = "<group>"; };
		851005C319C1D9FE00EEBB84 /* ViewController.swift */ = {isa = PBXFileReference; lastKnownFileType = sourcecode.swift; path = ViewController.swift; sourceTree = "<group>"; };
		851005C619C1D9FE00EEBB84 /* Base */ = {isa = PBXFileReference; lastKnownFileType = file.storyboard; name = Base; path = Base.lproj/Main.storyboard; sourceTree = "<group>"; };
		851005C819C1D9FE00EEBB84 /* Images.xcassets */ = {isa = PBXFileReference; lastKnownFileType = folder.assetcatalog; path = Images.xcassets; sourceTree = "<group>"; };
		851005CB19C1D9FE00EEBB84 /* Base */ = {isa = PBXFileReference; lastKnownFileType = file.xib; name = Base; path = Base.lproj/LaunchScreen.xib; sourceTree = "<group>"; };
		851005D119C1D9FE00EEBB84 /* PostcardTests.xctest */ = {isa = PBXFileReference; explicitFileType = wrapper.cfbundle; includeInIndex = 0; path = PostcardTests.xctest; sourceTree = BUILT_PRODUCTS_DIR; };
		851005D619C1D9FE00EEBB84 /* Info.plist */ = {isa = PBXFileReference; lastKnownFileType = text.plist.xml; path = Info.plist; sourceTree = "<group>"; };
		851005D719C1D9FF00EEBB84 /* PostcardTests.swift */ = {isa = PBXFileReference; lastKnownFileType = sourcecode.swift; path = PostcardTests.swift; sourceTree = "<group>"; };
/* End PBXFileReference section */

/* Begin PBXFrameworksBuildPhase section */
		851005B919C1D9FE00EEBB84 /* Frameworks */ = {
			isa = PBXFrameworksBuildPhase;
			buildActionMask = 2147483647;
			files = (
			);
			runOnlyForDeploymentPostprocessing = 0;
		};
		851005CE19C1D9FE00EEBB84 /* Frameworks */ = {
			isa = PBXFrameworksBuildPhase;
			buildActionMask = 2147483647;
			files = (
			);
			runOnlyForDeploymentPostprocessing = 0;
		};
/* End PBXFrameworksBuildPhase section */

/* Begin PBXGroup section */
		851005B319C1D9FE00EEBB84 = {
			isa = PBXGroup;
			children = (
				851005BE19C1D9FE00EEBB84 /* Postcard */,
				851005D419C1D9FE00EEBB84 /* PostcardTests */,
				851005BD19C1D9FE00EEBB84 /* Products */,
			);
			sourceTree = "<group>";
		};
		851005BD19C1D9FE00EEBB84 /* Products */ = {
			isa = PBXGroup;
			children = (
				851005BC19C1D9FE00EEBB84 /* Postcard.app */,
				851005D119C1D9FE00EEBB84 /* PostcardTests.xctest */,
			);
			name = Products;
			sourceTree = "<group>";
		};
		851005BE19C1D9FE00EEBB84 /* Postcard */ = {
			isa = PBXGroup;
			children = (
				851005C119C1D9FE00EEBB84 /* AppDelegate.swift */,
				851005C319C1D9FE00EEBB84 /* ViewController.swift */,
				851005C519C1D9FE00EEBB84 /* Main.storyboard */,
				851005C819C1D9FE00EEBB84 /* Images.xcassets */,
				851005CA19C1D9FE00EEBB84 /* LaunchScreen.xib */,
				851005BF19C1D9FE00EEBB84 /* Supporting Files */,
			);
			path = Postcard;
			sourceTree = "<group>";
		};
		851005BF19C1D9FE00EEBB84 /* Supporting Files */ = {
			isa = PBXGroup;
			children = (
				851005C019C1D9FE00EEBB84 /* Info.plist */,
			);
			name = "Supporting Files";
			sourceTree = "<group>";
		};
		851005D419C1D9FE00EEBB84 /* PostcardTests */ = {
			isa = PBXGroup;
			children = (
				851005D719C1D9FF00EEBB84 /* PostcardTests.swift */,
				851005D519C1D9FE00EEBB84 /* Supporting Files */,
			);
			path = PostcardTests;
			sourceTree = "<group>";
		};
		851005D519C1D9FE00EEBB84 /* Supporting Files */ = {
			isa = PBXGroup;
			children = (
				851005D619C1D9FE00EEBB84 /* Info.plist */,
			);
			name = "Supporting Files";
			sourceTree = "<group>";
		};
/* End PBXGroup section */

/* Begin PBXNativeTarget section */
		851005BB19C1D9FE00EEBB84 /* Postcard */ = {
			isa = PBXNativeTarget;
			buildConfigurationList = 851005DB19C1D9FF00EEBB84 /* Build configuration list for PBXNativeTarget "Postcard" */;
			buildPhases = (
				851005B819C1D9FE00EEBB84 /* Sources */,
				851005B919C1D9FE00EEBB84 /* Frameworks */,
				851005BA19C1D9FE00EEBB84 /* Resources */,
			);
			buildRules = (
			);
			dependencies = (
			);
			name = Postcard;
			productName = Postcard;
			productReference = 851005BC19C1D9FE00EEBB84 /* Postcard.app */;
			productType = "com.apple.product-type.application";
		};
		851005D019C1D9FE00EEBB84 /* PostcardTests */ = {
			isa = PBXNativeTarget;
			buildConfigurationList = 851005DE19C1D9FF00EEBB84 /* Build configuration list for PBXNativeTarget "PostcardTests" */;
			buildPhases = (
				851005CD19C1D9FE00EEBB84 /* Sources */,
				851005CE19C1D9FE00EEBB84 /* Frameworks */,
				851005CF19C1D9FE00EEBB84 /* Resources */,
			);
			buildRules = (
			);
			dependencies = (
				851005D319C1D9FE00EEBB84 /* PBXTargetDependency */,
			);
			name = PostcardTests;
			productName = PostcardTests;
			productReference = 851005D119C1D9FE00EEBB84 /* PostcardTests.xctest */;
			productType = "com.apple.product-type.bundle.unit-test";
		};
/* End PBXNativeTarget section */

/* Begin PBXProject section */
		851005B419C1D9FE00EEBB84 /* Project object */ = {
			isa = PBXProject;
			attributes = {
				LastUpgradeCheck = 0600;
				ORGANIZATIONNAME = "John Sawers";
				TargetAttributes = {
					851005BB19C1D9FE00EEBB84 = {
						CreatedOnToolsVersion = 6.1;
					};
					851005D019C1D9FE00EEBB84 = {
						CreatedOnToolsVersion = 6.1;
						TestTargetID = 851005BB19C1D9FE00EEBB84;
					};
				};
			};
			buildConfigurationList = 851005B719C1D9FE00EEBB84 /* Build configuration list for PBXProject "Postcard" */;
			compatibilityVersion = "Xcode 3.2";
			developmentRegion = English;
			hasScannedForEncodings = 0;
			knownRegions = (
				en,
				Base,
			);
			mainGroup = 851005B319C1D9FE00EEBB84;
			productRefGroup = 851005BD19C1D9FE00EEBB84 /* Products */;
			projectDirPath = "";
			projectRoot = "";
			targets = (
				851005BB19C1D9FE00EEBB84 /* Postcard */,
				851005D019C1D9FE00EEBB84 /* PostcardTests */,
			);
		};
/* End PBXProject section */

/* Begin PBXResourcesBuildPhase section */
		851005BA19C1D9FE00EEBB84 /* Resources */ = {
			isa = PBXResourcesBuildPhase;
			buildActionMask = 2147483647;
			files = (
				851005C719C1D9FE00EEBB84 /* Main.storyboard in Resources */,
				851005CC19C1D9FE00EEBB84 /* LaunchScreen.xib in Resources */,
				851005C919C1D9FE00EEBB84 /* Images.xcassets in Resources */,
			);
			runOnlyForDeploymentPostprocessing = 0;
		};
		851005CF19C1D9FE00EEBB84 /* Resources */ = {
			isa = PBXResourcesBuildPhase;
			buildActionMask = 2147483647;
			files = (
			);
			runOnlyForDeploymentPostprocessing = 0;
		};
/* End PBXResourcesBuildPhase section */

/* Begin PBXSourcesBuildPhase section */
		851005B819C1D9FE00EEBB84 /* Sources */ = {
			isa = PBXSourcesBuildPhase;
			buildActionMask = 2147483647;
			files = (
				851005C419C1D9FE00EEBB84 /* ViewController.swift in Sources */,
				851005C219C1D9FE00EEBB84 /* AppDelegate.swift in Sources */,
			);
			runOnlyForDeploymentPostprocessing = 0;
		};
		851005CD19C1D9FE00EEBB84 /* Sources */ = {
			isa = PBXSourcesBuildPhase;
			buildActionMask = 2147483647;
			files = (
				851005D819C1D9FF00EEBB84 /* PostcardTests.swift in Sources */,
			);
			runOnlyForDeploymentPostprocessing = 0;
		};
/* End PBXSourcesBuildPhase section */

/* Begin PBXTargetDependency section */
		851005D319C1D9FE00EEBB84 /* PBXTargetDependency */ = {
			isa = PBXTargetDependency;
			target = 851005BB19C1D9FE00EEBB84 /* Postcard */;
			targetProxy = 851005D219C1D9FE00EEBB84 /* PBXContainerItemProxy */;
		};
/* End PBXTargetDependency section */

/* Begin PBXVariantGroup section */
		851005C519C1D9FE00EEBB84 /* Main.storyboard */ = {
			isa = PBXVariantGroup;
			children = (
				851005C619C1D9FE00EEBB84 /* Base */,
			);
			name = Main.storyboard;
			sourceTree = "<group>";
		};
		851005CA19C1D9FE00EEBB84 /* LaunchScreen.xib */ = {
			isa = PBXVariantGroup;
			children = (
				851005CB19C1D9FE00EEBB84 /* Base */,
			);
			name = LaunchScreen.xib;
			sourceTree = "<group>";
		};
/* End PBXVariantGroup section */

/* Begin XCBuildConfiguration section */
		851005D919C1D9FF00EEBB84 /* Debug */ = {
			isa = XCBuildConfiguration;
			buildSettings = {
				ALWAYS_SEARCH_USER_PATHS = NO;
				CLANG_CXX_LANGUAGE_STANDARD = "gnu++0x";
				CLANG_CXX_LIBRARY = "libc++";
				CLANG_ENABLE_MODULES = YES;
				CLANG_ENABLE_OBJC_ARC = YES;
				CLANG_WARN_BOOL_CONVERSION = YES;
				CLANG_WARN_CONSTANT_CONVERSION = YES;
				CLANG_WARN_DIRECT_OBJC_ISA_USAGE = YES_ERROR;
				CLANG_WARN_EMPTY_BODY = YES;
				CLANG_WARN_ENUM_CONVERSION = YES;
				CLANG_WARN_INT_CONVERSION = YES;
				CLANG_WARN_OBJC_ROOT_CLASS = YES_ERROR;
				CLANG_WARN_UNREACHABLE_CODE = YES;
				CLANG_WARN__DUPLICATE_METHOD_MATCH = YES;
				"CODE_SIGN_IDENTITY[sdk=iphoneos*]" = "iPhone Developer";
				COPY_PHASE_STRIP = NO;
				ENABLE_STRICT_OBJC_MSGSEND = YES;
				GCC_C_LANGUAGE_STANDARD = gnu99;
				GCC_DYNAMIC_NO_PIC = NO;
				GCC_OPTIMIZATION_LEVEL = 0;
				GCC_PREPROCESSOR_DEFINITIONS = (
					"DEBUG=1",
					"$(inherited)",
				);
				GCC_SYMBOLS_PRIVATE_EXTERN = NO;
				GCC_WARN_64_TO_32_BIT_CONVERSION = YES;
				GCC_WARN_ABOUT_RETURN_TYPE = YES_ERROR;
				GCC_WARN_UNDECLARED_SELECTOR = YES;
				GCC_WARN_UNINITIALIZED_AUTOS = YES_AGGRESSIVE;
				GCC_WARN_UNUSED_FUNCTION = YES;
				GCC_WARN_UNUSED_VARIABLE = YES;
				IPHONEOS_DEPLOYMENT_TARGET = 8.0;
				MTL_ENABLE_DEBUG_INFO = YES;
				ONLY_ACTIVE_ARCH = YES;
				SDKROOT = iphoneos;
				SWIFT_OPTIMIZATION_LEVEL = "-Onone";
			};
			name = Debug;
		};
		851005DA19C1D9FF00EEBB84 /* Release */ = {
			isa = XCBuildConfiguration;
			buildSettings = {
				ALWAYS_SEARCH_USER_PATHS = NO;
				CLANG_CXX_LANGUAGE_STANDARD = "gnu++0x";
				CLANG_CXX_LIBRARY = "libc++";
				CLANG_ENABLE_MODULES = YES;
				CLANG_ENABLE_OBJC_ARC = YES;
				CLANG_WARN_BOOL_CONVERSION = YES;
				CLANG_WARN_CONSTANT_CONVERSION = YES;
				CLANG_WARN_DIRECT_OBJC_ISA_USAGE = YES_ERROR;
				CLANG_WARN_EMPTY_BODY = YES;
				CLANG_WARN_ENUM_CONVERSION = YES;
				CLANG_WARN_INT_CONVERSION = YES;
				CLANG_WARN_OBJC_ROOT_CLASS = YES_ERROR;
				CLANG_WARN_UNREACHABLE_CODE = YES;
				CLANG_WARN__DUPLICATE_METHOD_MATCH = YES;
				"CODE_SIGN_IDENTITY[sdk=iphoneos*]" = "iPhone Developer";
				COPY_PHASE_STRIP = YES;
				ENABLE_NS_ASSERTIONS = NO;
				ENABLE_STRICT_OBJC_MSGSEND = YES;
				GCC_C_LANGUAGE_STANDARD = gnu99;
				GCC_WARN_64_TO_32_BIT_CONVERSION = YES;
				GCC_WARN_ABOUT_RETURN_TYPE = YES_ERROR;
				GCC_WARN_UNDECLARED_SELECTOR = YES;
				GCC_WARN_UNINITIALIZED_AUTOS = YES_AGGRESSIVE;
				GCC_WARN_UNUSED_FUNCTION = YES;
				GCC_WARN_UNUSED_VARIABLE = YES;
				IPHONEOS_DEPLOYMENT_TARGET = 8.0;
				MTL_ENABLE_DEBUG_INFO = NO;
				SDKROOT = iphoneos;
				VALIDATE_PRODUCT = YES;
			};
			name = Release;
		};
		851005DC19C1D9FF00EEBB84 /* Debug */ = {
			isa = XCBuildConfiguration;
			buildSettings = {
				ASSETCATALOG_COMPILER_APPICON_NAME = AppIcon;
				INFOPLIST_FILE = Postcard/Info.plist;
				LD_RUNPATH_SEARCH_PATHS = "$(inherited) @executable_path/Frameworks";
				PRODUCT_NAME = "$(TARGET_NAME)";
			};
			name = Debug;
		};
		851005DD19C1D9FF00EEBB84 /* Release */ = {
			isa = XCBuildConfiguration;
			buildSettings = {
				ASSETCATALOG_COMPILER_APPICON_NAME = AppIcon;
				INFOPLIST_FILE = Postcard/Info.plist;
				LD_RUNPATH_SEARCH_PATHS = "$(inherited) @executable_path/Frameworks";
				PRODUCT_NAME = "$(TARGET_NAME)";
			};
			name = Release;
		};
		851005DF19C1D9FF00EEBB84 /* Debug */ = {
			isa = XCBuildConfiguration;
			buildSettings = {
				BUNDLE_LOADER = "$(TEST_HOST)";
				FRAMEWORK_SEARCH_PATHS = (
					"$(SDKROOT)/Developer/Library/Frameworks",
					"$(inherited)",
				);
				GCC_PREPROCESSOR_DEFINITIONS = (
					"DEBUG=1",
					"$(inherited)",
				);
				INFOPLIST_FILE = PostcardTests/Info.plist;
				LD_RUNPATH_SEARCH_PATHS = "$(inherited) @executable_path/Frameworks @loader_path/Frameworks";
				PRODUCT_NAME = "$(TARGET_NAME)";
				TEST_HOST = "$(BUILT_PRODUCTS_DIR)/Postcard.app/Postcard";
			};
			name = Debug;
		};
		851005E019C1D9FF00EEBB84 /* Release */ = {
			isa = XCBuildConfiguration;
			buildSettings = {
				BUNDLE_LOADER = "$(TEST_HOST)";
				FRAMEWORK_SEARCH_PATHS = (
					"$(SDKROOT)/Developer/Library/Frameworks",
					"$(inherited)",
				);
				INFOPLIST_FILE = PostcardTests/Info.plist;
				LD_RUNPATH_SEARCH_PATHS = "$(inherited) @executable_path/Frameworks @loader_path/Frameworks";
				PRODUCT_NAME = "$(TARGET_NAME)";
				TEST_HOST = "$(BUILT_PRODUCTS_DIR)/Postcard.app/Postcard";
			};
			name = Release;
		};
/* End XCBuildConfiguration section */

/* Begin XCConfigurationList section */
		851005B719C1D9FE00EEBB84 /* Build configuration list for PBXProject "Postcard" */ = {
			isa = XCConfigurationList;
			buildConfigurations = (
				851005D919C1D9FF00EEBB84 /* Debug */,
				851005DA19C1D9FF00EEBB84 /* Release */,
			);
			defaultConfigurationIsVisible = 0;
			defaultConfigurationName = Release;
		};
		851005DB19C1D9FF00EEBB84 /* Build configuration list for PBXNativeTarget "Postcard" */ = {
			isa = XCConfigurationList;
			buildConfigurations = (
				851005DC19C1D9FF00EEBB84 /* Debug */,
				851005DD19C1D9FF00EEBB84 /* Release */,
			);
			defaultConfigurationIsVisible = 0;
		};
		851005DE19C1D9FF00EEBB84 /* Build configuration list for PBXNativeTarget "PostcardTests" */ = {
			isa = XCConfigurationList;
			buildConfigurations = (
				851005DF19C1D9FF00EEBB84 /* Debug */,
				851005E019C1D9FF00EEBB84 /* Release */,
			);
			defaultConfigurationIsVisible = 0;
		};
/* End XCConfigurationList section */
	};
	rootObject = 851005B419C1D9FE00EEBB84 /* Project object */;
}
